
Microsoft Visual Studio Solution File, Format Version 12.00
# Visual Studio Version 16
VisualStudioVersion = 16.0.31424.327
MinimumVisualStudioVersion = 10.0.40219.1
Project("{FAE04EC0-301F-11D3-BF4B-00C04F79EFBC}") = "CapaPresentacion", "CapaPresentacion\CapaPresentacion.csproj", "{38D89389-F0DB-4A29-83B0-DBC516C5E22C}"
EndProject
Global
	GlobalSection(SolutionConfigurationPlatforms) = preSolution
		Debug|Any CPU = Debug|Any CPU
		Release|Any CPU = Release|Any CPU
	EndGlobalSection
	GlobalSection(ProjectConfigurationPlatforms) = postSolution
		{38D89389-F0DB-4A29-83B0-DBC516C5E22C}.Debug|Any CPU.ActiveCfg = Debug|Any CPU
		{38D89389-F0DB-4A29-83B0-DBC516C5E22C}.Debug|Any CPU.Build.0 = Debug|Any CPU
		{38D89389-F0DB-4A29-83B0-DBC516C5E22C}.Release|Any CPU.ActiveCfg = Release|Any CPU
		{38D89389-F0DB-4A29-83B0-DBC516C5E22C}.Release|Any CPU.Build.0 = Release|Any CPU
	EndGlobalSection
	GlobalSection(SolutionProperties) = preSolution
		HideSolutionNode = FALSE
	EndGlobalSection
	GlobalSection(ExtensibilityGlobals) = postSolution
		SolutionGuid = {BC4F1737-C25E-4CBE-A348-93CA2156B10C}
	EndGlobalSection
EndGlobal
